// !$*UTF8*$!
{
	archiveVersion = 1;
	classes = {
	};
	objectVersion = 46;
	objects = {

/* Begin PBXBuildFile section */
		1F254CC01C63B11800D66D82 /* main.m in Sources */ = {isa = PBXBuildFile; fileRef = 1F254CBF1C63B11800D66D82 /* main.m */; };
		1F254CC31C63B11800D66D82 /* AppDelegate.m in Sources */ = {isa = PBXBuildFile; fileRef = 1F254CC21C63B11800D66D82 /* AppDelegate.m */; };
		1F254CC61C63B11800D66D82 /* ViewController.mm in Sources */ = {isa = PBXBuildFile; fileRef = 1F254CC51C63B11800D66D82 /* ViewController.mm */; };
		1F254CC91C63B11800D66D82 /* Main.storyboard in Resources */ = {isa = PBXBuildFile; fileRef = 1F254CC71C63B11800D66D82 /* Main.storyboard */; };
		1F254CCC1C63B11800D66D82 /* demo_app_feb_4.xcdatamodeld in Sources */ = {isa = PBXBuildFile; fileRef = 1F254CCA1C63B11800D66D82 /* demo_app_feb_4.xcdatamodeld */; };
		1F254CCE1C63B11800D66D82 /* Assets.xcassets in Resources */ = {isa = PBXBuildFile; fileRef = 1F254CCD1C63B11800D66D82 /* Assets.xcassets */; };
		1F254CD11C63B11800D66D82 /* LaunchScreen.storyboard in Resources */ = {isa = PBXBuildFile; fileRef = 1F254CCF1C63B11800D66D82 /* LaunchScreen.storyboard */; };
		1F254CDC1C63B11800D66D82 /* demo_app_feb_4Tests.m in Sources */ = {isa = PBXBuildFile; fileRef = 1F254CDB1C63B11800D66D82 /* demo_app_feb_4Tests.m */; };
		1F254CE71C63B11800D66D82 /* demo_app_feb_4UITests.m in Sources */ = {isa = PBXBuildFile; fileRef = 1F254CE61C63B11800D66D82 /* demo_app_feb_4UITests.m */; };
		1F254CF71C63B2A800D66D82 /* opencv2.framework in Frameworks */ = {isa = PBXBuildFile; fileRef = 1F254CF61C63B2A800D66D82 /* opencv2.framework */; };
		1F254CF91C63B78400D66D82 /* donald_trump_at_cmu.jpg in Resources */ = {isa = PBXBuildFile; fileRef = 1F254CF81C63B78400D66D82 /* donald_trump_at_cmu.jpg */; };
/* End PBXBuildFile section */

/* Begin PBXContainerItemProxy section */
		1F254CD81C63B11800D66D82 /* PBXContainerItemProxy */ = {
			isa = PBXContainerItemProxy;
			containerPortal = 1F254CB31C63B11800D66D82 /* Project object */;
			proxyType = 1;
			remoteGlobalIDString = 1F254CBA1C63B11800D66D82;
			remoteInfo = demo_app_feb_4;
		};
		1F254CE31C63B11800D66D82 /* PBXContainerItemProxy */ = {
			isa = PBXContainerItemProxy;
			containerPortal = 1F254CB31C63B11800D66D82 /* Project object */;
			proxyType = 1;
			remoteGlobalIDString = 1F254CBA1C63B11800D66D82;
			remoteInfo = demo_app_feb_4;
		};
/* End PBXContainerItemProxy section */

/* Begin PBXFileReference section */
		1F254CBB1C63B11800D66D82 /* demo_app_feb_4.app */ = {isa = PBXFileReference; explicitFileType = wrapper.application; includeInIndex = 0; path = demo_app_feb_4.app; sourceTree = BUILT_PRODUCTS_DIR; };
		1F254CBF1C63B11800D66D82 /* main.m */ = {isa = PBXFileReference; lastKnownFileType = sourcecode.c.objc; path = main.m; sourceTree = "<group>"; };
		1F254CC11C63B11800D66D82 /* AppDelegate.h */ = {isa = PBXFileReference; lastKnownFileType = sourcecode.c.h; path = AppDelegate.h; sourceTree = "<group>"; };
		1F254CC21C63B11800D66D82 /* AppDelegate.m */ = {isa = PBXFileReference; lastKnownFileType = sourcecode.c.objc; path = AppDelegate.m; sourceTree = "<group>"; };
		1F254CC41C63B11800D66D82 /* ViewController.h */ = {isa = PBXFileReference; lastKnownFileType = sourcecode.c.h; path = ViewController.h; sourceTree = "<group>"; };
		1F254CC51C63B11800D66D82 /* ViewController.mm */ = {isa = PBXFileReference; lastKnownFileType = sourcecode.cpp.objcpp; path = ViewController.mm; sourceTree = "<group>"; };
		1F254CC81C63B11800D66D82 /* Base */ = {isa = PBXFileReference; lastKnownFileType = file.storyboard; name = Base; path = Base.lproj/Main.storyboard; sourceTree = "<group>"; };
		1F254CCB1C63B11800D66D82 /* demo_app_feb_4.xcdatamodel */ = {isa = PBXFileReference; lastKnownFileType = wrapper.xcdatamodel; path = demo_app_feb_4.xcdatamodel; sourceTree = "<group>"; };
		1F254CCD1C63B11800D66D82 /* Assets.xcassets */ = {isa = PBXFileReference; lastKnownFileType = folder.assetcatalog; path = Assets.xcassets; sourceTree = "<group>"; };
		1F254CD01C63B11800D66D82 /* Base */ = {isa = PBXFileReference; lastKnownFileType = file.storyboard; name = Base; path = Base.lproj/LaunchScreen.storyboard; sourceTree = "<group>"; };
		1F254CD21C63B11800D66D82 /* Info.plist */ = {isa = PBXFileReference; lastKnownFileType = text.plist.xml; path = Info.plist; sourceTree = "<group>"; };
		1F254CD71C63B11800D66D82 /* demo_app_feb_4Tests.xctest */ = {isa = PBXFileReference; explicitFileType = wrapper.cfbundle; includeInIndex = 0; path = demo_app_feb_4Tests.xctest; sourceTree = BUILT_PRODUCTS_DIR; };
		1F254CDB1C63B11800D66D82 /* demo_app_feb_4Tests.m */ = {isa = PBXFileReference; lastKnownFileType = sourcecode.c.objc; path = demo_app_feb_4Tests.m; sourceTree = "<group>"; };
		1F254CDD1C63B11800D66D82 /* Info.plist */ = {isa = PBXFileReference; lastKnownFileType = text.plist.xml; path = Info.plist; sourceTree = "<group>"; };
		1F254CE21C63B11800D66D82 /* demo_app_feb_4UITests.xctest */ = {isa = PBXFileReference; explicitFileType = wrapper.cfbundle; includeInIndex = 0; path = demo_app_feb_4UITests.xctest; sourceTree = BUILT_PRODUCTS_DIR; };
		1F254CE61C63B11800D66D82 /* demo_app_feb_4UITests.m */ = {isa = PBXFileReference; lastKnownFileType = sourcecode.c.objc; path = demo_app_feb_4UITests.m; sourceTree = "<group>"; };
		1F254CE81C63B11800D66D82 /* Info.plist */ = {isa = PBXFileReference; lastKnownFileType = text.plist.xml; path = Info.plist; sourceTree = "<group>"; };
		1F254CF61C63B2A800D66D82 /* opencv2.framework */ = {isa = PBXFileReference; lastKnownFileType = wrapper.framework; path = opencv2.framework; sourceTree = "<group>"; };
		1F254CF81C63B78400D66D82 /* donald_trump_at_cmu.jpg */ = {isa = PBXFileReference; lastKnownFileType = image.jpeg; name = donald_trump_at_cmu.jpg; path = ../donald_trump_at_cmu.jpg; sourceTree = "<group>"; };
/* End PBXFileReference section */

/* Begin PBXFrameworksBuildPhase section */
		1F254CB81C63B11800D66D82 /* Frameworks */ = {
			isa = PBXFrameworksBuildPhase;
			buildActionMask = 2147483647;
			files = (
				1F254CF71C63B2A800D66D82 /* opencv2.framework in Frameworks */,
			);
			runOnlyForDeploymentPostprocessing = 0;
		};
		1F254CD41C63B11800D66D82 /* Frameworks */ = {
			isa = PBXFrameworksBuildPhase;
			buildActionMask = 2147483647;
			files = (
			);
			runOnlyForDeploymentPostprocessing = 0;
		};
		1F254CDF1C63B11800D66D82 /* Frameworks */ = {
			isa = PBXFrameworksBuildPhase;
			buildActionMask = 2147483647;
			files = (
			);
			runOnlyForDeploymentPostprocessing = 0;
		};
/* End PBXFrameworksBuildPhase section */

/* Begin PBXGroup section */
		1F254CB21C63B11800D66D82 = {
			isa = PBXGroup;
			children = (
				1F254CF61C63B2A800D66D82 /* opencv2.framework */,
				1F254CBD1C63B11800D66D82 /* demo_app_feb_4 */,
				1F254CDA1C63B11800D66D82 /* demo_app_feb_4Tests */,
				1F254CE51C63B11800D66D82 /* demo_app_feb_4UITests */,
				1F254CBC1C63B11800D66D82 /* Products */,
			);
			sourceTree = "<group>";
		};
		1F254CBC1C63B11800D66D82 /* Products */ = {
			isa = PBXGroup;
			children = (
				1F254CBB1C63B11800D66D82 /* demo_app_feb_4.app */,
				1F254CD71C63B11800D66D82 /* demo_app_feb_4Tests.xctest */,
				1F254CE21C63B11800D66D82 /* demo_app_feb_4UITests.xctest */,
			);
			name = Products;
			sourceTree = "<group>";
		};
		1F254CBD1C63B11800D66D82 /* demo_app_feb_4 */ = {
			isa = PBXGroup;
			children = (
				1F254CC11C63B11800D66D82 /* AppDelegate.h */,
				1F254CC21C63B11800D66D82 /* AppDelegate.m */,
				1F254CC41C63B11800D66D82 /* ViewController.h */,
				1F254CC51C63B11800D66D82 /* ViewController.mm */,
				1F254CC71C63B11800D66D82 /* Main.storyboard */,
				1F254CF81C63B78400D66D82 /* donald_trump_at_cmu.jpg */,
				1F254CCD1C63B11800D66D82 /* Assets.xcassets */,
				1F254CCF1C63B11800D66D82 /* LaunchScreen.storyboard */,
				1F254CD21C63B11800D66D82 /* Info.plist */,
				1F254CCA1C63B11800D66D82 /* demo_app_feb_4.xcdatamodeld */,
				1F254CBE1C63B11800D66D82 /* Supporting Files */,
			);
			path = demo_app_feb_4;
			sourceTree = "<group>";
		};
		1F254CBE1C63B11800D66D82 /* Supporting Files */ = {
			isa = PBXGroup;
			children = (
				1F254CBF1C63B11800D66D82 /* main.m */,
			);
			name = "Supporting Files";
			sourceTree = "<group>";
		};
		1F254CDA1C63B11800D66D82 /* demo_app_feb_4Tests */ = {
			isa = PBXGroup;
			children = (
				1F254CDB1C63B11800D66D82 /* demo_app_feb_4Tests.m */,
				1F254CDD1C63B11800D66D82 /* Info.plist */,
			);
			path = demo_app_feb_4Tests;
			sourceTree = "<group>";
		};
		1F254CE51C63B11800D66D82 /* demo_app_feb_4UITests */ = {
			isa = PBXGroup;
			children = (
				1F254CE61C63B11800D66D82 /* demo_app_feb_4UITests.m */,
				1F254CE81C63B11800D66D82 /* Info.plist */,
			);
			path = demo_app_feb_4UITests;
			sourceTree = "<group>";
		};
/* End PBXGroup section */

/* Begin PBXNativeTarget section */
		1F254CBA1C63B11800D66D82 /* demo_app_feb_4 */ = {
			isa = PBXNativeTarget;
			buildConfigurationList = 1F254CEB1C63B11800D66D82 /* Build configuration list for PBXNativeTarget "demo_app_feb_4" */;
			buildPhases = (
				1F254CB71C63B11800D66D82 /* Sources */,
				1F254CB81C63B11800D66D82 /* Frameworks */,
				1F254CB91C63B11800D66D82 /* Resources */,
			);
			buildRules = (
			);
			dependencies = (
			);
			name = demo_app_feb_4;
			productName = demo_app_feb_4;
			productReference = 1F254CBB1C63B11800D66D82 /* demo_app_feb_4.app */;
			productType = "com.apple.product-type.application";
		};
		1F254CD61C63B11800D66D82 /* demo_app_feb_4Tests */ = {
			isa = PBXNativeTarget;
			buildConfigurationList = 1F254CEE1C63B11800D66D82 /* Build configuration list for PBXNativeTarget "demo_app_feb_4Tests" */;
			buildPhases = (
				1F254CD31C63B11800D66D82 /* Sources */,
				1F254CD41C63B11800D66D82 /* Frameworks */,
				1F254CD51C63B11800D66D82 /* Resources */,
			);
			buildRules = (
			);
			dependencies = (
				1F254CD91C63B11800D66D82 /* PBXTargetDependency */,
			);
			name = demo_app_feb_4Tests;
			productName = demo_app_feb_4Tests;
			productReference = 1F254CD71C63B11800D66D82 /* demo_app_feb_4Tests.xctest */;
			productType = "com.apple.product-type.bundle.unit-test";
		};
		1F254CE11C63B11800D66D82 /* demo_app_feb_4UITests */ = {
			isa = PBXNativeTarget;
			buildConfigurationList = 1F254CF11C63B11800D66D82 /* Build configuration list for PBXNativeTarget "demo_app_feb_4UITests" */;
			buildPhases = (
				1F254CDE1C63B11800D66D82 /* Sources */,
				1F254CDF1C63B11800D66D82 /* Frameworks */,
				1F254CE01C63B11800D66D82 /* Resources */,
			);
			buildRules = (
			);
			dependencies = (
				1F254CE41C63B11800D66D82 /* PBXTargetDependency */,
			);
			name = demo_app_feb_4UITests;
			productName = demo_app_feb_4UITests;
			productReference = 1F254CE21C63B11800D66D82 /* demo_app_feb_4UITests.xctest */;
			productType = "com.apple.product-type.bundle.ui-testing";
		};
/* End PBXNativeTarget section */

/* Begin PBXProject section */
		1F254CB31C63B11800D66D82 /* Project object */ = {
			isa = PBXProject;
			attributes = {
				LastUpgradeCheck = 0720;
				ORGANIZATIONNAME = "Siddhant Wadhwa";
				TargetAttributes = {
					1F254CBA1C63B11800D66D82 = {
						CreatedOnToolsVersion = 7.2;
					};
					1F254CD61C63B11800D66D82 = {
						CreatedOnToolsVersion = 7.2;
						TestTargetID = 1F254CBA1C63B11800D66D82;
					};
					1F254CE11C63B11800D66D82 = {
						CreatedOnToolsVersion = 7.2;
						TestTargetID = 1F254CBA1C63B11800D66D82;
					};
				};
			};
			buildConfigurationList = 1F254CB61C63B11800D66D82 /* Build configuration list for PBXProject "demo_app_feb_4" */;
			compatibilityVersion = "Xcode 3.2";
			developmentRegion = English;
			hasScannedForEncodings = 0;
			knownRegions = (
				en,
				Base,
			);
			mainGroup = 1F254CB21C63B11800D66D82;
			productRefGroup = 1F254CBC1C63B11800D66D82 /* Products */;
			projectDirPath = "";
			projectRoot = "";
			targets = (
				1F254CBA1C63B11800D66D82 /* demo_app_feb_4 */,
				1F254CD61C63B11800D66D82 /* demo_app_feb_4Tests */,
				1F254CE11C63B11800D66D82 /* demo_app_feb_4UITests */,
			);
		};
/* End PBXProject section */

/* Begin PBXResourcesBuildPhase section */
		1F254CB91C63B11800D66D82 /* Resources */ = {
			isa = PBXResourcesBuildPhase;
			buildActionMask = 2147483647;
			files = (
				1F254CD11C63B11800D66D82 /* LaunchScreen.storyboard in Resources */,
				1F254CCE1C63B11800D66D82 /* Assets.xcassets in Resources */,
				1F254CC91C63B11800D66D82 /* Main.storyboard in Resources */,
				1F254CF91C63B78400D66D82 /* donald_trump_at_cmu.jpg in Resources */,
			);
			runOnlyForDeploymentPostprocessing = 0;
		};
		1F254CD51C63B11800D66D82 /* Resources */ = {
			isa = PBXResourcesBuildPhase;
			buildActionMask = 2147483647;
			files = (
			);
			runOnlyForDeploymentPostprocessing = 0;
		};
		1F254CE01C63B11800D66D82 /* Resources */ = {
			isa = PBXResourcesBuildPhase;
			buildActionMask = 2147483647;
			files = (
			);
			runOnlyForDeploymentPostprocessing = 0;
		};
/* End PBXResourcesBuildPhase section */

/* Begin PBXSourcesBuildPhase section */
		1F254CB71C63B11800D66D82 /* Sources */ = {
			isa = PBXSourcesBuildPhase;
			buildActionMask = 2147483647;
			files = (
				1F254CC61C63B11800D66D82 /* ViewController.mm in Sources */,
				1F254CC31C63B11800D66D82 /* AppDelegate.m in Sources */,
				1F254CC01C63B11800D66D82 /* main.m in Sources */,
				1F254CCC1C63B11800D66D82 /* demo_app_feb_4.xcdatamodeld in Sources */,
			);
			runOnlyForDeploymentPostprocessing = 0;
		};
		1F254CD31C63B11800D66D82 /* Sources */ = {
			isa = PBXSourcesBuildPhase;
			buildActionMask = 2147483647;
			files = (
				1F254CDC1C63B11800D66D82 /* demo_app_feb_4Tests.m in Sources */,
			);
			runOnlyForDeploymentPostprocessing = 0;
		};
		1F254CDE1C63B11800D66D82 /* Sources */ = {
			isa = PBXSourcesBuildPhase;
			buildActionMask = 2147483647;
			files = (
				1F254CE71C63B11800D66D82 /* demo_app_feb_4UITests.m in Sources */,
			);
			runOnlyForDeploymentPostprocessing = 0;
		};
/* End PBXSourcesBuildPhase section */

/* Begin PBXTargetDependency section */
		1F254CD91C63B11800D66D82 /* PBXTargetDependency */ = {
			isa = PBXTargetDependency;
			target = 1F254CBA1C63B11800D66D82 /* demo_app_feb_4 */;
			targetProxy = 1F254CD81C63B11800D66D82 /* PBXContainerItemProxy */;
		};
		1F254CE41C63B11800D66D82 /* PBXTargetDependency */ = {
			isa = PBXTargetDependency;
			target = 1F254CBA1C63B11800D66D82 /* demo_app_feb_4 */;
			targetProxy = 1F254CE31C63B11800D66D82 /* PBXContainerItemProxy */;
		};
/* End PBXTargetDependency section */

/* Begin PBXVariantGroup section */
		1F254CC71C63B11800D66D82 /* Main.storyboard */ = {
			isa = PBXVariantGroup;
			children = (
				1F254CC81C63B11800D66D82 /* Base */,
			);
			name = Main.storyboard;
			sourceTree = "<group>";
		};
		1F254CCF1C63B11800D66D82 /* LaunchScreen.storyboard */ = {
			isa = PBXVariantGroup;
			children = (
				1F254CD01C63B11800D66D82 /* Base */,
			);
			name = LaunchScreen.storyboard;
			sourceTree = "<group>";
		};
/* End PBXVariantGroup section */

/* Begin XCBuildConfiguration section */
		1F254CE91C63B11800D66D82 /* Debug */ = {
			isa = XCBuildConfiguration;
			buildSettings = {
				ALWAYS_SEARCH_USER_PATHS = NO;
				CLANG_CXX_LANGUAGE_STANDARD = "gnu++0x";
				CLANG_CXX_LIBRARY = "libc++";
				CLANG_ENABLE_MODULES = YES;
				CLANG_ENABLE_OBJC_ARC = YES;
				CLANG_WARN_BOOL_CONVERSION = YES;
				CLANG_WARN_CONSTANT_CONVERSION = YES;
				CLANG_WARN_DIRECT_OBJC_ISA_USAGE = YES_ERROR;
				CLANG_WARN_EMPTY_BODY = YES;
				CLANG_WARN_ENUM_CONVERSION = YES;
				CLANG_WARN_INT_CONVERSION = YES;
				CLANG_WARN_OBJC_ROOT_CLASS = YES_ERROR;
				CLANG_WARN_UNREACHABLE_CODE = YES;
				CLANG_WARN__DUPLICATE_METHOD_MATCH = YES;
				"CODE_SIGN_IDENTITY[sdk=iphoneos*]" = "iPhone Developer";
				COPY_PHASE_STRIP = NO;
				DEBUG_INFORMATION_FORMAT = dwarf;
				ENABLE_STRICT_OBJC_MSGSEND = YES;
				ENABLE_TESTABILITY = YES;
				GCC_C_LANGUAGE_STANDARD = gnu99;
				GCC_DYNAMIC_NO_PIC = NO;
				GCC_NO_COMMON_BLOCKS = YES;
				GCC_OPTIMIZATION_LEVEL = 0;
				GCC_PREPROCESSOR_DEFINITIONS = (
					"DEBUG=1",
					"$(inherited)",
				);
				GCC_WARN_64_TO_32_BIT_CONVERSION = YES;
				GCC_WARN_ABOUT_RETURN_TYPE = YES_ERROR;
				GCC_WARN_UNDECLARED_SELECTOR = YES;
				GCC_WARN_UNINITIALIZED_AUTOS = YES_AGGRESSIVE;
				GCC_WARN_UNUSED_FUNCTION = YES;
				GCC_WARN_UNUSED_VARIABLE = YES;
				IPHONEOS_DEPLOYMENT_TARGET = 9.2;
				MTL_ENABLE_DEBUG_INFO = YES;
				ONLY_ACTIVE_ARCH = YES;
				SDKROOT = iphoneos;
				TARGETED_DEVICE_FAMILY = "1,2";
			};
			name = Debug;
		};
		1F254CEA1C63B11800D66D82 /* Release */ = {
			isa = XCBuildConfiguration;
			buildSettings = {
				ALWAYS_SEARCH_USER_PATHS = NO;
				CLANG_CXX_LANGUAGE_STANDARD = "gnu++0x";
				CLANG_CXX_LIBRARY = "libc++";
				CLANG_ENABLE_MODULES = YES;
				CLANG_ENABLE_OBJC_ARC = YES;
				CLANG_WARN_BOOL_CONVERSION = YES;
				CLANG_WARN_CONSTANT_CONVERSION = YES;
				CLANG_WARN_DIRECT_OBJC_ISA_USAGE = YES_ERROR;
				CLANG_WARN_EMPTY_BODY = YES;
				CLANG_WARN_ENUM_CONVERSION = YES;
				CLANG_WARN_INT_CONVERSION = YES;
				CLANG_WARN_OBJC_ROOT_CLASS = YES_ERROR;
				CLANG_WARN_UNREACHABLE_CODE = YES;
				CLANG_WARN__DUPLICATE_METHOD_MATCH = YES;
				"CODE_SIGN_IDENTITY[sdk=iphoneos*]" = "iPhone Developer";
				COPY_PHASE_STRIP = NO;
				DEBUG_INFORMATION_FORMAT = "dwarf-with-dsym";
				ENABLE_NS_ASSERTIONS = NO;
				ENABLE_STRICT_OBJC_MSGSEND = YES;
				GCC_C_LANGUAGE_STANDARD = gnu99;
				GCC_NO_COMMON_BLOCKS = YES;
				GCC_WARN_64_TO_32_BIT_CONVERSION = YES;
				GCC_WARN_ABOUT_RETURN_TYPE = YES_ERROR;
				GCC_WARN_UNDECLARED_SELECTOR = YES;
				GCC_WARN_UNINITIALIZED_AUTOS = YES_AGGRESSIVE;
				GCC_WARN_UNUSED_FUNCTION = YES;
				GCC_WARN_UNUSED_VARIABLE = YES;
				IPHONEOS_DEPLOYMENT_TARGET = 9.2;
				MTL_ENABLE_DEBUG_INFO = NO;
				SDKROOT = iphoneos;
				TARGETED_DEVICE_FAMILY = "1,2";
				VALIDATE_PRODUCT = YES;
			};
			name = Release;
		};
		1F254CEC1C63B11800D66D82 /* Debug */ = {
			isa = XCBuildConfiguration;
			buildSettings = {
				ASSETCATALOG_COMPILER_APPICON_NAME = AppIcon;
				FRAMEWORK_SEARCH_PATHS = (
					"$(inherited)",
					"$(PROJECT_DIR)",
				);
				INFOPLIST_FILE = demo_app_feb_4/Info.plist;
				LD_RUNPATH_SEARCH_PATHS = "$(inherited) @executable_path/Frameworks";
				PRODUCT_BUNDLE_IDENTIFIER = "SW.demo-app-feb-4";
				PRODUCT_NAME = "$(TARGET_NAME)";
			};
			name = Debug;
		};
		1F254CED1C63B11800D66D82 /* Release */ = {
			isa = XCBuildConfiguration;
			buildSettings = {
				ASSETCATALOG_COMPILER_APPICON_NAME = AppIcon;
				FRAMEWORK_SEARCH_PATHS = (
					"$(inherited)",
					"$(PROJECT_DIR)",
				);
				INFOPLIST_FILE = demo_app_feb_4/Info.plist;
				LD_RUNPATH_SEARCH_PATHS = "$(inherited) @executable_path/Frameworks";
				PRODUCT_BUNDLE_IDENTIFIER = "SW.demo-app-feb-4";
				PRODUCT_NAME = "$(TARGET_NAME)";
			};
			name = Release;
		};
		1F254CEF1C63B11800D66D82 /* Debug */ = {
			isa = XCBuildConfiguration;
			buildSettings = {
				BUNDLE_LOADER = "$(TEST_HOST)";
				INFOPLIST_FILE = demo_app_feb_4Tests/Info.plist;
				LD_RUNPATH_SEARCH_PATHS = "$(inherited) @executable_path/Frameworks @loader_path/Frameworks";
				PRODUCT_BUNDLE_IDENTIFIER = "SW.demo-app-feb-4Tests";
				PRODUCT_NAME = "$(TARGET_NAME)";
				TEST_HOST = "$(BUILT_PRODUCTS_DIR)/demo_app_feb_4.app/demo_app_feb_4";
			};
			name = Debug;
		};
		1F254CF01C63B11800D66D82 /* Release */ = {
			isa = XCBuildConfiguration;
			buildSettings = {
				BUNDLE_LOADER = "$(TEST_HOST)";
				INFOPLIST_FILE = demo_app_feb_4Tests/Info.plist;
				LD_RUNPATH_SEARCH_PATHS = "$(inherited) @executable_path/Frameworks @loader_path/Frameworks";
				PRODUCT_BUNDLE_IDENTIFIER = "SW.demo-app-feb-4Tests";
				PRODUCT_NAME = "$(TARGET_NAME)";
				TEST_HOST = "$(BUILT_PRODUCTS_DIR)/demo_app_feb_4.app/demo_app_feb_4";
			};
			name = Release;
		};
		1F254CF21C63B11800D66D82 /* Debug */ = {
			isa = XCBuildConfiguration;
			buildSettings = {
				INFOPLIST_FILE = demo_app_feb_4UITests/Info.plist;
				LD_RUNPATH_SEARCH_PATHS = "$(inherited) @executable_path/Frameworks @loader_path/Frameworks";
				PRODUCT_BUNDLE_IDENTIFIER = "SW.demo-app-feb-4UITests";
				PRODUCT_NAME = "$(TARGET_NAME)";
				TEST_TARGET_NAME = demo_app_feb_4;
				USES_XCTRUNNER = YES;
			};
			name = Debug;
		};
		1F254CF31C63B11800D66D82 /* Release */ = {
			isa = XCBuildConfiguration;
			buildSettings = {
				INFOPLIST_FILE = demo_app_feb_4UITests/Info.plist;
				LD_RUNPATH_SEARCH_PATHS = "$(inherited) @executable_path/Frameworks @loader_path/Frameworks";
				PRODUCT_BUNDLE_IDENTIFIER = "SW.demo-app-feb-4UITests";
				PRODUCT_NAME = "$(TARGET_NAME)";
				TEST_TARGET_NAME = demo_app_feb_4;
				USES_XCTRUNNER = YES;
			};
			name = Release;
		};
/* End XCBuildConfiguration section */

/* Begin XCConfigurationList section */
		1F254CB61C63B11800D66D82 /* Build configuration list for PBXProject "demo_app_feb_4" */ = {
			isa = XCConfigurationList;
			buildConfigurations = (
				1F254CE91C63B11800D66D82 /* Debug */,
				1F254CEA1C63B11800D66D82 /* Release */,
			);
			defaultConfigurationIsVisible = 0;
			defaultConfigurationName = Release;
		};
		1F254CEB1C63B11800D66D82 /* Build configuration list for PBXNativeTarget "demo_app_feb_4" */ = {
			isa = XCConfigurationList;
			buildConfigurations = (
				1F254CEC1C63B11800D66D82 /* Debug */,
				1F254CED1C63B11800D66D82 /* Release */,
			);
			defaultConfigurationIsVisible = 0;
		};
		1F254CEE1C63B11800D66D82 /* Build configuration list for PBXNativeTarget "demo_app_feb_4Tests" */ = {
			isa = XCConfigurationList;
			buildConfigurations = (
				1F254CEF1C63B11800D66D82 /* Debug */,
				1F254CF01C63B11800D66D82 /* Release */,
			);
			defaultConfigurationIsVisible = 0;
		};
		1F254CF11C63B11800D66D82 /* Build configuration list for PBXNativeTarget "demo_app_feb_4UITests" */ = {
			isa = XCConfigurationList;
			buildConfigurations = (
				1F254CF21C63B11800D66D82 /* Debug */,
				1F254CF31C63B11800D66D82 /* Release */,
			);
			defaultConfigurationIsVisible = 0;
		};
/* End XCConfigurationList section */

/* Begin XCVersionGroup section */
		1F254CCA1C63B11800D66D82 /* demo_app_feb_4.xcdatamodeld */ = {
			isa = XCVersionGroup;
			children = (
				1F254CCB1C63B11800D66D82 /* demo_app_feb_4.xcdatamodel */,
			);
			currentVersion = 1F254CCB1C63B11800D66D82 /* demo_app_feb_4.xcdatamodel */;
			path = demo_app_feb_4.xcdatamodeld;
			sourceTree = "<group>";
			versionGroupType = wrapper.xcdatamodel;
		};
/* End XCVersionGroup section */
	};
	rootObject = 1F254CB31C63B11800D66D82 /* Project object */;
}
